
Microsoft Visual Studio Solution File, Format Version 12.00
# Visual Studio Version 16
VisualStudioVersion = 16.0.30907.101
MinimumVisualStudioVersion = 10.0.40219.1
Project("{FAE04EC0-301F-11D3-BF4B-00C04F79EFBC}") = "Reactivities.API", "Reactivities.API\Reactivities.API.csproj", "{370EAD6D-FD36-4DCE-8881-21FC384F7B4C}"
EndProject
Project("{FAE04EC0-301F-11D3-BF4B-00C04F79EFBC}") = "Reactivities.Domain", "Reactivities.Domain\Reactivities.Domain.csproj", "{9ACA81A0-7EDD-4BF9-8A49-23D12838200C}"
EndProject
Project("{FAE04EC0-301F-11D3-BF4B-00C04F79EFBC}") = "Reactivities.Persistence", "Reactivities.Persistence\Reactivities.Persistence.csproj", "{4D38C25F-8AB1-4532-9A59-3EA3C97F12D1}"
EndProject
Project("{FAE04EC0-301F-11D3-BF4B-00C04F79EFBC}") = "Reactivities.Application", "Reactivities.Application\Reactivities.Application.csproj", "{02925283-F355-496A-B00B-826CAE381A04}"
EndProject
Global
	GlobalSection(SolutionConfigurationPlatforms) = preSolution
		Debug|Any CPU = Debug|Any CPU
		Release|Any CPU = Release|Any CPU
	EndGlobalSection
	GlobalSection(ProjectConfigurationPlatforms) = postSolution
		{370EAD6D-FD36-4DCE-8881-21FC384F7B4C}.Debug|Any CPU.ActiveCfg = Debug|Any CPU
		{370EAD6D-FD36-4DCE-8881-21FC384F7B4C}.Debug|Any CPU.Build.0 = Debug|Any CPU
		{370EAD6D-FD36-4DCE-8881-21FC384F7B4C}.Release|Any CPU.ActiveCfg = Release|Any CPU
		{370EAD6D-FD36-4DCE-8881-21FC384F7B4C}.Release|Any CPU.Build.0 = Release|Any CPU
		{9ACA81A0-7EDD-4BF9-8A49-23D12838200C}.Debug|Any CPU.ActiveCfg = Debug|Any CPU
		{9ACA81A0-7EDD-4BF9-8A49-23D12838200C}.Debug|Any CPU.Build.0 = Debug|Any CPU
		{9ACA81A0-7EDD-4BF9-8A49-23D12838200C}.Release|Any CPU.ActiveCfg = Release|Any CPU
		{9ACA81A0-7EDD-4BF9-8A49-23D12838200C}.Release|Any CPU.Build.0 = Release|Any CPU
		{4D38C25F-8AB1-4532-9A59-3EA3C97F12D1}.Debug|Any CPU.ActiveCfg = Debug|Any CPU
		{4D38C25F-8AB1-4532-9A59-3EA3C97F12D1}.Debug|Any CPU.Build.0 = Debug|Any CPU
		{4D38C25F-8AB1-4532-9A59-3EA3C97F12D1}.Release|Any CPU.ActiveCfg = Release|Any CPU
		{4D38C25F-8AB1-4532-9A59-3EA3C97F12D1}.Release|Any CPU.Build.0 = Release|Any CPU
		{02925283-F355-496A-B00B-826CAE381A04}.Debug|Any CPU.ActiveCfg = Debug|Any CPU
		{02925283-F355-496A-B00B-826CAE381A04}.Debug|Any CPU.Build.0 = Debug|Any CPU
		{02925283-F355-496A-B00B-826CAE381A04}.Release|Any CPU.ActiveCfg = Release|Any CPU
		{02925283-F355-496A-B00B-826CAE381A04}.Release|Any CPU.Build.0 = Release|Any CPU
	EndGlobalSection
	GlobalSection(SolutionProperties) = preSolution
		HideSolutionNode = FALSE
	EndGlobalSection
	GlobalSection(ExtensibilityGlobals) = postSolution
		SolutionGuid = {7E6686A2-8FCA-4625-B391-3A1169ED15F7}
	EndGlobalSection
EndGlobal
